
Microsoft Visual Studio Solution File, Format Version 12.00
# Visual Studio Version 16
VisualStudioVersion = 16.0.29306.81
MinimumVisualStudioVersion = 10.0.40219.1
Project("{FAE04EC0-301F-11D3-BF4B-00C04F79EFBC}") = "ListagemDeCarros", "ListagemDeCarros\ListagemDeCarros.csproj", "{27706B09-6BDD-4A75-8CC5-72ED837B5308}"
EndProject
Global
	GlobalSection(SolutionConfigurationPlatforms) = preSolution
		Debug|Any CPU = Debug|Any CPU
		Release|Any CPU = Release|Any CPU
	EndGlobalSection
	GlobalSection(ProjectConfigurationPlatforms) = postSolution
		{27706B09-6BDD-4A75-8CC5-72ED837B5308}.Debug|Any CPU.ActiveCfg = Debug|Any CPU
		{27706B09-6BDD-4A75-8CC5-72ED837B5308}.Debug|Any CPU.Build.0 = Debug|Any CPU
		{27706B09-6BDD-4A75-8CC5-72ED837B5308}.Release|Any CPU.ActiveCfg = Release|Any CPU
		{27706B09-6BDD-4A75-8CC5-72ED837B5308}.Release|Any CPU.Build.0 = Release|Any CPU
	EndGlobalSection
	GlobalSection(SolutionProperties) = preSolution
		HideSolutionNode = FALSE
	EndGlobalSection
	GlobalSection(ExtensibilityGlobals) = postSolution
		SolutionGuid = {15DF6DB8-FF79-431C-8D7A-88721E35889C}
	EndGlobalSection
EndGlobal
