
Microsoft Visual Studio Solution File, Format Version 12.00
# Visual Studio Version 16
VisualStudioVersion = 16.0.29102.190
MinimumVisualStudioVersion = 10.0.40219.1
Project("{FAE04EC0-301F-11D3-BF4B-00C04F79EFBC}") = "ReplaceBanana", "ReplaceBanana\ReplaceBanana.csproj", "{9F241895-EF01-4FA1-B95B-636F213A0D72}"
EndProject
Global
	GlobalSection(SolutionConfigurationPlatforms) = preSolution
		Debug|Any CPU = Debug|Any CPU
		Release|Any CPU = Release|Any CPU
	EndGlobalSection
	GlobalSection(ProjectConfigurationPlatforms) = postSolution
		{9F241895-EF01-4FA1-B95B-636F213A0D72}.Debug|Any CPU.ActiveCfg = Debug|Any CPU
		{9F241895-EF01-4FA1-B95B-636F213A0D72}.Debug|Any CPU.Build.0 = Debug|Any CPU
		{9F241895-EF01-4FA1-B95B-636F213A0D72}.Release|Any CPU.ActiveCfg = Release|Any CPU
		{9F241895-EF01-4FA1-B95B-636F213A0D72}.Release|Any CPU.Build.0 = Release|Any CPU
	EndGlobalSection
	GlobalSection(SolutionProperties) = preSolution
		HideSolutionNode = FALSE
	EndGlobalSection
	GlobalSection(ExtensibilityGlobals) = postSolution
		SolutionGuid = {94D1D422-0223-4106-A562-7CFC9A2EF85C}
	EndGlobalSection
EndGlobal
