
Microsoft Visual Studio Solution File, Format Version 12.00
# Visual Studio Version 16
VisualStudioVersion = 16.0.29102.190
MinimumVisualStudioVersion = 10.0.40219.1
Project("{FAE04EC0-301F-11D3-BF4B-00C04F79EFBC}") = "ExerciciofForWhile2", "ExerciciofForWhile2\ExerciciofForWhile2.csproj", "{F3321C20-3975-4BBE-AFAB-0480DD43AF85}"
EndProject
Global
	GlobalSection(SolutionConfigurationPlatforms) = preSolution
		Debug|Any CPU = Debug|Any CPU
		Release|Any CPU = Release|Any CPU
	EndGlobalSection
	GlobalSection(ProjectConfigurationPlatforms) = postSolution
		{F3321C20-3975-4BBE-AFAB-0480DD43AF85}.Debug|Any CPU.ActiveCfg = Debug|Any CPU
		{F3321C20-3975-4BBE-AFAB-0480DD43AF85}.Debug|Any CPU.Build.0 = Debug|Any CPU
		{F3321C20-3975-4BBE-AFAB-0480DD43AF85}.Release|Any CPU.ActiveCfg = Release|Any CPU
		{F3321C20-3975-4BBE-AFAB-0480DD43AF85}.Release|Any CPU.Build.0 = Release|Any CPU
	EndGlobalSection
	GlobalSection(SolutionProperties) = preSolution
		HideSolutionNode = FALSE
	EndGlobalSection
	GlobalSection(ExtensibilityGlobals) = postSolution
		SolutionGuid = {D75B37B6-FD60-473F-9CC0-D2CA7E7B267D}
	EndGlobalSection
EndGlobal
