
Microsoft Visual Studio Solution File, Format Version 12.00
# Visual Studio Version 16
VisualStudioVersion = 16.0.29215.179
MinimumVisualStudioVersion = 10.0.40219.1
Project("{FAE04EC0-301F-11D3-BF4B-00C04F79EFBC}") = "InterfaceBiblioteca", "InterfaceBiblioteca\InterfaceBiblioteca.csproj", "{37AE760E-52D4-4D3B-8918-213DB39F7C07}"
EndProject
Project("{FAE04EC0-301F-11D3-BF4B-00C04F79EFBC}") = "LocacaoBiblioteca", "LocacaoBiblioteca\LocacaoBiblioteca.csproj", "{2DC93494-63BE-4D15-AB9F-8F96AED298C8}"
EndProject
Global
	GlobalSection(SolutionConfigurationPlatforms) = preSolution
		Debug|Any CPU = Debug|Any CPU
		Release|Any CPU = Release|Any CPU
	EndGlobalSection
	GlobalSection(ProjectConfigurationPlatforms) = postSolution
		{37AE760E-52D4-4D3B-8918-213DB39F7C07}.Debug|Any CPU.ActiveCfg = Debug|Any CPU
		{37AE760E-52D4-4D3B-8918-213DB39F7C07}.Debug|Any CPU.Build.0 = Debug|Any CPU
		{37AE760E-52D4-4D3B-8918-213DB39F7C07}.Release|Any CPU.ActiveCfg = Release|Any CPU
		{37AE760E-52D4-4D3B-8918-213DB39F7C07}.Release|Any CPU.Build.0 = Release|Any CPU
		{2DC93494-63BE-4D15-AB9F-8F96AED298C8}.Debug|Any CPU.ActiveCfg = Debug|Any CPU
		{2DC93494-63BE-4D15-AB9F-8F96AED298C8}.Debug|Any CPU.Build.0 = Debug|Any CPU
		{2DC93494-63BE-4D15-AB9F-8F96AED298C8}.Release|Any CPU.ActiveCfg = Release|Any CPU
		{2DC93494-63BE-4D15-AB9F-8F96AED298C8}.Release|Any CPU.Build.0 = Release|Any CPU
	EndGlobalSection
	GlobalSection(SolutionProperties) = preSolution
		HideSolutionNode = FALSE
	EndGlobalSection
	GlobalSection(ExtensibilityGlobals) = postSolution
		SolutionGuid = {F2204725-95B8-4B5C-BC9D-31DD1F2E8C06}
	EndGlobalSection
EndGlobal
