
Microsoft Visual Studio Solution File, Format Version 12.00
# Visual Studio Version 16
VisualStudioVersion = 16.0.29102.190
MinimumVisualStudioVersion = 10.0.40219.1
Project("{FAE04EC0-301F-11D3-BF4B-00C04F79EFBC}") = "IniciandoForeach", "IniciandoForeach\IniciandoForeach.csproj", "{ADB8AFF1-B281-4F17-BE28-081CE3A39685}"
EndProject
Project("{FAE04EC0-301F-11D3-BF4B-00C04F79EFBC}") = "Exercicio1", "Exercicio1\Exercicio1.csproj", "{B46F48FF-8D22-47E7-B827-970DF59B0BD9}"
EndProject
Project("{FAE04EC0-301F-11D3-BF4B-00C04F79EFBC}") = "Exercicio1Corrigido", "Exercicio1Corrigido\Exercicio1Corrigido.csproj", "{B93DCCAE-DCCA-4B93-BED7-DE22653AE0B8}"
EndProject
Global
	GlobalSection(SolutionConfigurationPlatforms) = preSolution
		Debug|Any CPU = Debug|Any CPU
		Release|Any CPU = Release|Any CPU
	EndGlobalSection
	GlobalSection(ProjectConfigurationPlatforms) = postSolution
		{ADB8AFF1-B281-4F17-BE28-081CE3A39685}.Debug|Any CPU.ActiveCfg = Debug|Any CPU
		{ADB8AFF1-B281-4F17-BE28-081CE3A39685}.Debug|Any CPU.Build.0 = Debug|Any CPU
		{ADB8AFF1-B281-4F17-BE28-081CE3A39685}.Release|Any CPU.ActiveCfg = Release|Any CPU
		{ADB8AFF1-B281-4F17-BE28-081CE3A39685}.Release|Any CPU.Build.0 = Release|Any CPU
		{B46F48FF-8D22-47E7-B827-970DF59B0BD9}.Debug|Any CPU.ActiveCfg = Debug|Any CPU
		{B46F48FF-8D22-47E7-B827-970DF59B0BD9}.Debug|Any CPU.Build.0 = Debug|Any CPU
		{B46F48FF-8D22-47E7-B827-970DF59B0BD9}.Release|Any CPU.ActiveCfg = Release|Any CPU
		{B46F48FF-8D22-47E7-B827-970DF59B0BD9}.Release|Any CPU.Build.0 = Release|Any CPU
		{B93DCCAE-DCCA-4B93-BED7-DE22653AE0B8}.Debug|Any CPU.ActiveCfg = Debug|Any CPU
		{B93DCCAE-DCCA-4B93-BED7-DE22653AE0B8}.Debug|Any CPU.Build.0 = Debug|Any CPU
		{B93DCCAE-DCCA-4B93-BED7-DE22653AE0B8}.Release|Any CPU.ActiveCfg = Release|Any CPU
		{B93DCCAE-DCCA-4B93-BED7-DE22653AE0B8}.Release|Any CPU.Build.0 = Release|Any CPU
	EndGlobalSection
	GlobalSection(SolutionProperties) = preSolution
		HideSolutionNode = FALSE
	EndGlobalSection
	GlobalSection(ExtensibilityGlobals) = postSolution
		SolutionGuid = {1490F0CE-608E-482D-8CF5-EB6D8228776F}
	EndGlobalSection
EndGlobal
