
Microsoft Visual Studio Solution File, Format Version 12.00
# Visual Studio Version 16
VisualStudioVersion = 16.0.29306.81
MinimumVisualStudioVersion = 10.0.40219.1
Project("{FAE04EC0-301F-11D3-BF4B-00C04F79EFBC}") = "CatalogoCelulares", "CatalogoCelulares\CatalogoCelulares.csproj", "{919D7F5A-61CB-4462-A017-7E451E91463B}"
EndProject
Project("{FAE04EC0-301F-11D3-BF4B-00C04F79EFBC}") = "CellDu", "CellDu\CellDu.csproj", "{B1FF31BA-9E88-4863-88B8-B1486EDBC4D3}"
EndProject
Global
	GlobalSection(SolutionConfigurationPlatforms) = preSolution
		Debug|Any CPU = Debug|Any CPU
		Release|Any CPU = Release|Any CPU
	EndGlobalSection
	GlobalSection(ProjectConfigurationPlatforms) = postSolution
		{919D7F5A-61CB-4462-A017-7E451E91463B}.Debug|Any CPU.ActiveCfg = Debug|Any CPU
		{919D7F5A-61CB-4462-A017-7E451E91463B}.Debug|Any CPU.Build.0 = Debug|Any CPU
		{919D7F5A-61CB-4462-A017-7E451E91463B}.Release|Any CPU.ActiveCfg = Release|Any CPU
		{919D7F5A-61CB-4462-A017-7E451E91463B}.Release|Any CPU.Build.0 = Release|Any CPU
		{B1FF31BA-9E88-4863-88B8-B1486EDBC4D3}.Debug|Any CPU.ActiveCfg = Debug|Any CPU
		{B1FF31BA-9E88-4863-88B8-B1486EDBC4D3}.Debug|Any CPU.Build.0 = Debug|Any CPU
		{B1FF31BA-9E88-4863-88B8-B1486EDBC4D3}.Release|Any CPU.ActiveCfg = Release|Any CPU
		{B1FF31BA-9E88-4863-88B8-B1486EDBC4D3}.Release|Any CPU.Build.0 = Release|Any CPU
	EndGlobalSection
	GlobalSection(SolutionProperties) = preSolution
		HideSolutionNode = FALSE
	EndGlobalSection
	GlobalSection(ExtensibilityGlobals) = postSolution
		SolutionGuid = {891967D8-6A6A-4C86-92FD-952D476CEA08}
	EndGlobalSection
EndGlobal
