
Microsoft Visual Studio Solution File, Format Version 12.00
# Visual Studio Version 16
VisualStudioVersion = 16.0.29306.81
MinimumVisualStudioVersion = 10.0.40219.1
Project("{FAE04EC0-301F-11D3-BF4B-00C04F79EFBC}") = "InterfaceProgram", "InterfaceProgram\InterfaceProgram.csproj", "{96FAC9BD-E592-4989-901E-D4CB9470A3B8}"
EndProject
Project("{FAE04EC0-301F-11D3-BF4B-00C04F79EFBC}") = "ManageCar", "ManageCar\ManageCar.csproj", "{BCD5A7C2-054D-4BA5-BAF3-238C0D01D2D8}"
EndProject
Global
	GlobalSection(SolutionConfigurationPlatforms) = preSolution
		Debug|Any CPU = Debug|Any CPU
		Release|Any CPU = Release|Any CPU
	EndGlobalSection
	GlobalSection(ProjectConfigurationPlatforms) = postSolution
		{96FAC9BD-E592-4989-901E-D4CB9470A3B8}.Debug|Any CPU.ActiveCfg = Debug|Any CPU
		{96FAC9BD-E592-4989-901E-D4CB9470A3B8}.Debug|Any CPU.Build.0 = Debug|Any CPU
		{96FAC9BD-E592-4989-901E-D4CB9470A3B8}.Release|Any CPU.ActiveCfg = Release|Any CPU
		{96FAC9BD-E592-4989-901E-D4CB9470A3B8}.Release|Any CPU.Build.0 = Release|Any CPU
		{BCD5A7C2-054D-4BA5-BAF3-238C0D01D2D8}.Debug|Any CPU.ActiveCfg = Debug|Any CPU
		{BCD5A7C2-054D-4BA5-BAF3-238C0D01D2D8}.Debug|Any CPU.Build.0 = Debug|Any CPU
		{BCD5A7C2-054D-4BA5-BAF3-238C0D01D2D8}.Release|Any CPU.ActiveCfg = Release|Any CPU
		{BCD5A7C2-054D-4BA5-BAF3-238C0D01D2D8}.Release|Any CPU.Build.0 = Release|Any CPU
	EndGlobalSection
	GlobalSection(SolutionProperties) = preSolution
		HideSolutionNode = FALSE
	EndGlobalSection
	GlobalSection(ExtensibilityGlobals) = postSolution
		SolutionGuid = {523E0CC8-FCEA-4FCA-9084-C8C4E53B7295}
	EndGlobalSection
EndGlobal
