
Microsoft Visual Studio Solution File, Format Version 12.00
# Visual Studio Version 16
VisualStudioVersion = 16.0.29306.81
MinimumVisualStudioVersion = 10.0.40219.1
Project("{FAE04EC0-301F-11D3-BF4B-00C04F79EFBC}") = "EntityClass", "EntityClass\EntityClass.csproj", "{BE461745-2E5A-4927-9149-8E106F209E41}"
EndProject
Project("{FAE04EC0-301F-11D3-BF4B-00C04F79EFBC}") = "AcessandoEnity", "AcessandoEnity\AcessandoEnity.csproj", "{B9FEF867-C987-4126-AFFF-6177D18EAB9E}"
EndProject
Global
	GlobalSection(SolutionConfigurationPlatforms) = preSolution
		Debug|Any CPU = Debug|Any CPU
		Release|Any CPU = Release|Any CPU
	EndGlobalSection
	GlobalSection(ProjectConfigurationPlatforms) = postSolution
		{BE461745-2E5A-4927-9149-8E106F209E41}.Debug|Any CPU.ActiveCfg = Debug|Any CPU
		{BE461745-2E5A-4927-9149-8E106F209E41}.Debug|Any CPU.Build.0 = Debug|Any CPU
		{BE461745-2E5A-4927-9149-8E106F209E41}.Release|Any CPU.ActiveCfg = Release|Any CPU
		{BE461745-2E5A-4927-9149-8E106F209E41}.Release|Any CPU.Build.0 = Release|Any CPU
		{B9FEF867-C987-4126-AFFF-6177D18EAB9E}.Debug|Any CPU.ActiveCfg = Debug|Any CPU
		{B9FEF867-C987-4126-AFFF-6177D18EAB9E}.Debug|Any CPU.Build.0 = Debug|Any CPU
		{B9FEF867-C987-4126-AFFF-6177D18EAB9E}.Release|Any CPU.ActiveCfg = Release|Any CPU
		{B9FEF867-C987-4126-AFFF-6177D18EAB9E}.Release|Any CPU.Build.0 = Release|Any CPU
	EndGlobalSection
	GlobalSection(SolutionProperties) = preSolution
		HideSolutionNode = FALSE
	EndGlobalSection
	GlobalSection(ExtensibilityGlobals) = postSolution
		SolutionGuid = {08ECFBAB-CCB1-4B2B-B62D-F5E4E6537D59}
	EndGlobalSection
EndGlobal
