
Microsoft Visual Studio Solution File, Format Version 12.00
# Visual Studio Version 16
VisualStudioVersion = 16.0.29102.190
MinimumVisualStudioVersion = 10.0.40219.1
Project("{FAE04EC0-301F-11D3-BF4B-00C04F79EFBC}") = "ConsoleApp2", "ConsoleApp2\ConsoleApp2.csproj", "{A929046F-044F-4373-875B-C61AD38ACC18}"
EndProject
Global
	GlobalSection(SolutionConfigurationPlatforms) = preSolution
		Debug|Any CPU = Debug|Any CPU
		Release|Any CPU = Release|Any CPU
	EndGlobalSection
	GlobalSection(ProjectConfigurationPlatforms) = postSolution
		{A929046F-044F-4373-875B-C61AD38ACC18}.Debug|Any CPU.ActiveCfg = Debug|Any CPU
		{A929046F-044F-4373-875B-C61AD38ACC18}.Debug|Any CPU.Build.0 = Debug|Any CPU
		{A929046F-044F-4373-875B-C61AD38ACC18}.Release|Any CPU.ActiveCfg = Release|Any CPU
		{A929046F-044F-4373-875B-C61AD38ACC18}.Release|Any CPU.Build.0 = Release|Any CPU
	EndGlobalSection
	GlobalSection(SolutionProperties) = preSolution
		HideSolutionNode = FALSE
	EndGlobalSection
	GlobalSection(ExtensibilityGlobals) = postSolution
		SolutionGuid = {439E9906-E419-473B-945B-4EDFC3BEED30}
	EndGlobalSection
EndGlobal
