
Microsoft Visual Studio Solution File, Format Version 12.00
# Visual Studio Version 16
VisualStudioVersion = 16.0.29306.81
MinimumVisualStudioVersion = 10.0.40219.1
Project("{FAE04EC0-301F-11D3-BF4B-00C04F79EFBC}") = "CestaDeFrutas", "CestaDeFrutas\CestaDeFrutas.csproj", "{269E1C9C-DD7F-4FE3-9525-D5E768B98644}"
EndProject
Project("{FAE04EC0-301F-11D3-BF4B-00C04F79EFBC}") = "ListandoPessoas", "ListandoPessoas\ListandoPessoas.csproj", "{6AA50234-D2FC-464E-BF75-8478D7282198}"
EndProject
Project("{FAE04EC0-301F-11D3-BF4B-00C04F79EFBC}") = "ListandoPessoas2", "ListandoPessoas2\ListandoPessoas2.csproj", "{2B3CEC9C-D3B0-45B9-AF55-F61FBBC51653}"
EndProject
Global
	GlobalSection(SolutionConfigurationPlatforms) = preSolution
		Debug|Any CPU = Debug|Any CPU
		Release|Any CPU = Release|Any CPU
	EndGlobalSection
	GlobalSection(ProjectConfigurationPlatforms) = postSolution
		{269E1C9C-DD7F-4FE3-9525-D5E768B98644}.Debug|Any CPU.ActiveCfg = Debug|Any CPU
		{269E1C9C-DD7F-4FE3-9525-D5E768B98644}.Debug|Any CPU.Build.0 = Debug|Any CPU
		{269E1C9C-DD7F-4FE3-9525-D5E768B98644}.Release|Any CPU.ActiveCfg = Release|Any CPU
		{269E1C9C-DD7F-4FE3-9525-D5E768B98644}.Release|Any CPU.Build.0 = Release|Any CPU
		{6AA50234-D2FC-464E-BF75-8478D7282198}.Debug|Any CPU.ActiveCfg = Debug|Any CPU
		{6AA50234-D2FC-464E-BF75-8478D7282198}.Debug|Any CPU.Build.0 = Debug|Any CPU
		{6AA50234-D2FC-464E-BF75-8478D7282198}.Release|Any CPU.ActiveCfg = Release|Any CPU
		{6AA50234-D2FC-464E-BF75-8478D7282198}.Release|Any CPU.Build.0 = Release|Any CPU
		{2B3CEC9C-D3B0-45B9-AF55-F61FBBC51653}.Debug|Any CPU.ActiveCfg = Debug|Any CPU
		{2B3CEC9C-D3B0-45B9-AF55-F61FBBC51653}.Debug|Any CPU.Build.0 = Debug|Any CPU
		{2B3CEC9C-D3B0-45B9-AF55-F61FBBC51653}.Release|Any CPU.ActiveCfg = Release|Any CPU
		{2B3CEC9C-D3B0-45B9-AF55-F61FBBC51653}.Release|Any CPU.Build.0 = Release|Any CPU
	EndGlobalSection
	GlobalSection(SolutionProperties) = preSolution
		HideSolutionNode = FALSE
	EndGlobalSection
	GlobalSection(ExtensibilityGlobals) = postSolution
		SolutionGuid = {DBEEAA35-874B-40BF-99D3-ABCC735C2DBD}
	EndGlobalSection
EndGlobal
