
Microsoft Visual Studio Solution File, Format Version 12.00
# Visual Studio Version 16
VisualStudioVersion = 16.0.29102.190
MinimumVisualStudioVersion = 10.0.40219.1
Project("{FAE04EC0-301F-11D3-BF4B-00C04F79EFBC}") = "MinhaAnimacao", "HomeWork\MinhaAnimacao.csproj", "{BBC59A59-0BF5-45E4-9A15-D4B5F15C9120}"
EndProject
Project("{FAE04EC0-301F-11D3-BF4B-00C04F79EFBC}") = "MinhaBiblioteca", "MinhaBiblioteca\MinhaBiblioteca.csproj", "{46D6D9A2-3F99-4314-A402-C8FCEB641F91}"
EndProject
Project("{FAE04EC0-301F-11D3-BF4B-00C04F79EFBC}") = "AcessandoInformacao", "AcessandoInformacao\AcessandoInformacao.csproj", "{CFA6C0A6-FE9B-4D4D-8C51-B1A5A670B695}"
EndProject
Project("{FAE04EC0-301F-11D3-BF4B-00C04F79EFBC}") = "AcessandoDllDoAmiguinho", "AcessandoDllDoAmiguinho\AcessandoDllDoAmiguinho.csproj", "{A09CB452-DA14-40CB-A675-BB064EA67342}"
EndProject
Global
	GlobalSection(SolutionConfigurationPlatforms) = preSolution
		Debug|Any CPU = Debug|Any CPU
		Release|Any CPU = Release|Any CPU
	EndGlobalSection
	GlobalSection(ProjectConfigurationPlatforms) = postSolution
		{BBC59A59-0BF5-45E4-9A15-D4B5F15C9120}.Debug|Any CPU.ActiveCfg = Debug|Any CPU
		{BBC59A59-0BF5-45E4-9A15-D4B5F15C9120}.Debug|Any CPU.Build.0 = Debug|Any CPU
		{BBC59A59-0BF5-45E4-9A15-D4B5F15C9120}.Release|Any CPU.ActiveCfg = Release|Any CPU
		{BBC59A59-0BF5-45E4-9A15-D4B5F15C9120}.Release|Any CPU.Build.0 = Release|Any CPU
		{46D6D9A2-3F99-4314-A402-C8FCEB641F91}.Debug|Any CPU.ActiveCfg = Debug|Any CPU
		{46D6D9A2-3F99-4314-A402-C8FCEB641F91}.Debug|Any CPU.Build.0 = Debug|Any CPU
		{46D6D9A2-3F99-4314-A402-C8FCEB641F91}.Release|Any CPU.ActiveCfg = Release|Any CPU
		{46D6D9A2-3F99-4314-A402-C8FCEB641F91}.Release|Any CPU.Build.0 = Release|Any CPU
		{CFA6C0A6-FE9B-4D4D-8C51-B1A5A670B695}.Debug|Any CPU.ActiveCfg = Debug|Any CPU
		{CFA6C0A6-FE9B-4D4D-8C51-B1A5A670B695}.Debug|Any CPU.Build.0 = Debug|Any CPU
		{CFA6C0A6-FE9B-4D4D-8C51-B1A5A670B695}.Release|Any CPU.ActiveCfg = Release|Any CPU
		{CFA6C0A6-FE9B-4D4D-8C51-B1A5A670B695}.Release|Any CPU.Build.0 = Release|Any CPU
		{A09CB452-DA14-40CB-A675-BB064EA67342}.Debug|Any CPU.ActiveCfg = Debug|Any CPU
		{A09CB452-DA14-40CB-A675-BB064EA67342}.Debug|Any CPU.Build.0 = Debug|Any CPU
		{A09CB452-DA14-40CB-A675-BB064EA67342}.Release|Any CPU.ActiveCfg = Release|Any CPU
		{A09CB452-DA14-40CB-A675-BB064EA67342}.Release|Any CPU.Build.0 = Release|Any CPU
	EndGlobalSection
	GlobalSection(SolutionProperties) = preSolution
		HideSolutionNode = FALSE
	EndGlobalSection
	GlobalSection(ExtensibilityGlobals) = postSolution
		SolutionGuid = {71B4D513-FA20-4248-946F-4403D4D3E399}
	EndGlobalSection
EndGlobal
