
Microsoft Visual Studio Solution File, Format Version 12.00
# Visual Studio Version 16
VisualStudioVersion = 16.0.29215.179
MinimumVisualStudioVersion = 10.0.40219.1
Project("{FAE04EC0-301F-11D3-BF4B-00C04F79EFBC}") = "InterfaceBiblioteca", "InterfaceBiblioteca\InterfaceBiblioteca.csproj", "{8A386A0D-F69C-4E68-927D-A6B69E5B8EBE}"
EndProject
Project("{FAE04EC0-301F-11D3-BF4B-00C04F79EFBC}") = "LocacaoBiblioteca", "LocacaoBiblioteca\LocacaoBiblioteca.csproj", "{9587DB48-3297-48C8-A13F-1FEDAF537C1C}"
EndProject
Global
	GlobalSection(SolutionConfigurationPlatforms) = preSolution
		Debug|Any CPU = Debug|Any CPU
		Release|Any CPU = Release|Any CPU
	EndGlobalSection
	GlobalSection(ProjectConfigurationPlatforms) = postSolution
		{8A386A0D-F69C-4E68-927D-A6B69E5B8EBE}.Debug|Any CPU.ActiveCfg = Debug|Any CPU
		{8A386A0D-F69C-4E68-927D-A6B69E5B8EBE}.Debug|Any CPU.Build.0 = Debug|Any CPU
		{8A386A0D-F69C-4E68-927D-A6B69E5B8EBE}.Release|Any CPU.ActiveCfg = Release|Any CPU
		{8A386A0D-F69C-4E68-927D-A6B69E5B8EBE}.Release|Any CPU.Build.0 = Release|Any CPU
		{9587DB48-3297-48C8-A13F-1FEDAF537C1C}.Debug|Any CPU.ActiveCfg = Debug|Any CPU
		{9587DB48-3297-48C8-A13F-1FEDAF537C1C}.Debug|Any CPU.Build.0 = Debug|Any CPU
		{9587DB48-3297-48C8-A13F-1FEDAF537C1C}.Release|Any CPU.ActiveCfg = Release|Any CPU
		{9587DB48-3297-48C8-A13F-1FEDAF537C1C}.Release|Any CPU.Build.0 = Release|Any CPU
	EndGlobalSection
	GlobalSection(SolutionProperties) = preSolution
		HideSolutionNode = FALSE
	EndGlobalSection
	GlobalSection(ExtensibilityGlobals) = postSolution
		SolutionGuid = {6B93C07A-A4B9-4AA4-9AEB-48E16F801D7E}
	EndGlobalSection
EndGlobal
